{
  "name": "todo",
  "version": "1.0.0",
  "lockfileVersion": 3,
  "requires": true,
  "packages": {
    "": {
      "name": "todo",
      "version": "1.0.0",
      "license": "MIT",
      "dependencies": {
        "mini-framework-z01": "^1.0.2"
      }
    },
    "node_modules/mini-framework-z01": {
      "version": "1.0.2",
      "resolved": "https://registry.npmjs.org/mini-framework-z01/-/mini-framework-z01-1.0.2.tgz",
      "integrity": "sha512-nDJc3LGYjqfYOto5F+UU0rB0b+lFnum8BZ2GROt7lgYlWAoAlqdGDHNUfj3Sy7are7koVdUAZjgqbD9JT26WnA==",
      "license": "MIT"
    }
  }
}
